
Microsoft Visual Studio Solution File, Format Version 11.00
# Visual Studio 2010
Project("{FAE04EC0-301F-11D3-BF4B-00C04F79EFBC}") = "BowmarPolls", "BowmarPolls\BowmarPolls.csproj", "{0DCF8532-B7BD-456D-A5C7-E03EC9586F15}"
EndProject
Global
	GlobalSection(SolutionConfigurationPlatforms) = preSolution
		Debug|Any CPU = Debug|Any CPU
		Release|Any CPU = Release|Any CPU
	EndGlobalSection
	GlobalSection(ProjectConfigurationPlatforms) = postSolution
		{0DCF8532-B7BD-456D-A5C7-E03EC9586F15}.Debug|Any CPU.ActiveCfg = Debug|Any CPU
		{0DCF8532-B7BD-456D-A5C7-E03EC9586F15}.Debug|Any CPU.Build.0 = Debug|Any CPU
		{0DCF8532-B7BD-456D-A5C7-E03EC9586F15}.Release|Any CPU.ActiveCfg = Release|Any CPU
		{0DCF8532-B7BD-456D-A5C7-E03EC9586F15}.Release|Any CPU.Build.0 = Release|Any CPU
	EndGlobalSection
	GlobalSection(SolutionProperties) = preSolution
		HideSolutionNode = FALSE
	EndGlobalSection
EndGlobal
